{
  "object": {
    "pins": [
      {
        "package": "HaishinKit",
        "repositoryURL": "https://github.com/shogo4405/HaishinKit.swift",
        "state": {
          "branch": null,
          "revision": "8bd78e6677b29bb8ce5cbb18e51dd6536ce4941d",
          "version": "1.1.7"
        }
      },
      {
        "package": "Logboard",
        "repositoryURL": "https://github.com/shogo4405/Logboard.git",
        "state": {
          "branch": null,
          "revision": "8cc7656b07e4d327fae42e1320e2e48b8868e3f6",
          "version": "2.2.2"
        }
      }
    ]
  },
  "version": 1
}
